// !$*UTF8*$!
{
	archiveVersion = 1;
	classes = {
	};
	objectVersion = 56;
	objects = {

/* Begin PBXBuildFile section */
		9D055ED02A73F0150050A16D /* Leet283.swift in Sources */ = {isa = PBXBuildFile; fileRef = 9D055ECF2A73F0150050A16D /* Leet283.swift */; };
		9D1D25952A701DCB006D1058 /* Leet443.swift in Sources */ = {isa = PBXBuildFile; fileRef = 9D1D25942A701DCB006D1058 /* Leet443.swift */; };
		9D466EFB2A6CF2350084D79C /* Leet151.swift in Sources */ = {isa = PBXBuildFile; fileRef = 9D466EFA2A6CF2350084D79C /* Leet151.swift */; };
		9D466EFD2A6D01170084D79C /* Leet238.swift in Sources */ = {isa = PBXBuildFile; fileRef = 9D466EFC2A6D01170084D79C /* Leet238.swift */; };
		9D466EFF2A6D8AB60084D79C /* Leet334.swift in Sources */ = {isa = PBXBuildFile; fileRef = 9D466EFE2A6D8AB60084D79C /* Leet334.swift */; };
		9D4DD4C32A63825500CA4457 /* main.swift in Sources */ = {isa = PBXBuildFile; fileRef = 9D4DD4C22A63825500CA4457 /* main.swift */; };
		9D60CAFE2A78D24C0053FF27 /* Leet643.swift in Sources */ = {isa = PBXBuildFile; fileRef = 9D60CAFD2A78D24C0053FF27 /* Leet643.swift */; };
		9D6743472A7581BC00BBD168 /* Leet392.swift in Sources */ = {isa = PBXBuildFile; fileRef = 9D6743462A7581BC00BBD168 /* Leet392.swift */; };
		9D6743492A7597BB00BBD168 /* Leet11.swift in Sources */ = {isa = PBXBuildFile; fileRef = 9D6743482A7597BB00BBD168 /* Leet11.swift */; };
		9DA13AAD2A7A63D100DFC0DA /* Leet1456.swift in Sources */ = {isa = PBXBuildFile; fileRef = 9DA13AAC2A7A63D100DFC0DA /* Leet1456.swift */; };
		9DA13AAF2A7AFC3800DFC0DA /* Leet1004.swift in Sources */ = {isa = PBXBuildFile; fileRef = 9DA13AAE2A7AFC3700DFC0DA /* Leet1004.swift */; };
		9DA13AB12A7B164900DFC0DA /* Leet1493.swift in Sources */ = {isa = PBXBuildFile; fileRef = 9DA13AB02A7B164900DFC0DA /* Leet1493.swift */; };
		9DA13AB32A7BAEB300DFC0DA /* Leet1732.swift in Sources */ = {isa = PBXBuildFile; fileRef = 9DA13AB22A7BAEB300DFC0DA /* Leet1732.swift */; };
		9DA13AB52A7CD14900DFC0DA /* Leet724.swift in Sources */ = {isa = PBXBuildFile; fileRef = 9DA13AB42A7CD14900DFC0DA /* Leet724.swift */; };
		9DA13ABD2A7ECED200DFC0DA /* Leet2215.swift in Sources */ = {isa = PBXBuildFile; fileRef = 9DA13ABC2A7ECED200DFC0DA /* Leet2215.swift */; };
		9DA13ABF2A7F57C400DFC0DA /* Leet1207.swift in Sources */ = {isa = PBXBuildFile; fileRef = 9DA13ABE2A7F57C400DFC0DA /* Leet1207.swift */; };
		9DE6E5D32A80C20B0013E8F3 /* Leet1657.swift in Sources */ = {isa = PBXBuildFile; fileRef = 9DE6E5D22A80C20B0013E8F3 /* Leet1657.swift */; };
		9DE6E5D52A80D96F0013E8F3 /* Leet2352.swift in Sources */ = {isa = PBXBuildFile; fileRef = 9DE6E5D42A80D96F0013E8F3 /* Leet2352.swift */; };
		9DE6E5D82A82204E0013E8F3 /* Leet2390.swift in Sources */ = {isa = PBXBuildFile; fileRef = 9DE6E5D72A82204E0013E8F3 /* Leet2390.swift */; };
		9DE6E5DC2A83BDF60013E8F3 /* Leet735.swift in Sources */ = {isa = PBXBuildFile; fileRef = 9DE6E5DB2A83BDF50013E8F3 /* Leet735.swift */; };
		9DE6E5DE2A8525900013E8F3 /* Leet394.swift in Sources */ = {isa = PBXBuildFile; fileRef = 9DE6E5DD2A8525900013E8F3 /* Leet394.swift */; };
		9DE6E5E12A85784C0013E8F3 /* Leet933.swift in Sources */ = {isa = PBXBuildFile; fileRef = 9DE6E5E02A85784C0013E8F3 /* Leet933.swift */; };
		9DE6E5E32A85FAFD0013E8F3 /* Leet649.swift in Sources */ = {isa = PBXBuildFile; fileRef = 9DE6E5E22A85FAFD0013E8F3 /* Leet649.swift */; };
		9DE6E5E62A8638E20013E8F3 /* Leet2095.swift in Sources */ = {isa = PBXBuildFile; fileRef = 9DE6E5E52A8638E20013E8F3 /* Leet2095.swift */; };
		9DE6E5E82A873CFB0013E8F3 /* Leet328.swift in Sources */ = {isa = PBXBuildFile; fileRef = 9DE6E5E72A873CFB0013E8F3 /* Leet328.swift */; };
		9DE6E5EA2A87414B0013E8F3 /* ListNode.swift in Sources */ = {isa = PBXBuildFile; fileRef = 9DE6E5E92A87414B0013E8F3 /* ListNode.swift */; };
		9DE6E5EC2A8743F20013E8F3 /* Leet206.swift in Sources */ = {isa = PBXBuildFile; fileRef = 9DE6E5EB2A8743F20013E8F3 /* Leet206.swift */; };
		9DE6E5F02A88CAF10013E8F3 /* Leet2130.swift in Sources */ = {isa = PBXBuildFile; fileRef = 9DE6E5EF2A88CAF10013E8F3 /* Leet2130.swift */; };
		9DF6D6C82A777DE100BB0544 /* Leet1679.swift in Sources */ = {isa = PBXBuildFile; fileRef = 9DF6D6C72A777DE100BB0544 /* Leet1679.swift */; };
		9DFCE1CD2A69DD4B007D19FC /* Leet1768.swift in Sources */ = {isa = PBXBuildFile; fileRef = 9DFCE1CC2A69DD4B007D19FC /* Leet1768.swift */; };
		9DFCE1CF2A69DD61007D19FC /* QuickSort.swift in Sources */ = {isa = PBXBuildFile; fileRef = 9DFCE1CE2A69DD61007D19FC /* QuickSort.swift */; };
		9DFCE1D12A6AE05C007D19FC /* Leet1071.swift in Sources */ = {isa = PBXBuildFile; fileRef = 9DFCE1D02A6AE05C007D19FC /* Leet1071.swift */; };
		9DFCE1D32A6AE5CF007D19FC /* Leet1421.swift in Sources */ = {isa = PBXBuildFile; fileRef = 9DFCE1D22A6AE5CF007D19FC /* Leet1421.swift */; };
		9DFCE1D52A6B829D007D19FC /* Leet605.swift in Sources */ = {isa = PBXBuildFile; fileRef = 9DFCE1D42A6B829D007D19FC /* Leet605.swift */; };
		9DFCE1D72A6B9850007D19FC /* Leet345.swift in Sources */ = {isa = PBXBuildFile; fileRef = 9DFCE1D62A6B9850007D19FC /* Leet345.swift */; };
		B583C99C2A91A7D600C19329 /* Leet236.swift in Sources */ = {isa = PBXBuildFile; fileRef = B583C99B2A91A7D600C19329 /* Leet236.swift */; };
		B58D71C02A8F4C33002A06B9 /* Leet437.swift in Sources */ = {isa = PBXBuildFile; fileRef = B58D71BF2A8F4C33002A06B9 /* Leet437.swift */; };
		B58D71C22A8F4C81002A06B9 /* TreeNode.swift in Sources */ = {isa = PBXBuildFile; fileRef = B58D71C12A8F4C81002A06B9 /* TreeNode.swift */; };
		B5915C212A9448D000292D16 /* Leet1161.swift in Sources */ = {isa = PBXBuildFile; fileRef = B5915C202A9448D000292D16 /* Leet1161.swift */; };
		B5915C242A944CF900292D16 /* Leet700.swift in Sources */ = {isa = PBXBuildFile; fileRef = B5915C232A944CF900292D16 /* Leet700.swift */; };
		B5915C262A9450DE00292D16 /* Leet450.swift in Sources */ = {isa = PBXBuildFile; fileRef = B5915C252A9450DE00292D16 /* Leet450.swift */; };
		B59E646F2A92F1C8004EAEE9 /* Leet199.swift in Sources */ = {isa = PBXBuildFile; fileRef = B59E646E2A92F1C8004EAEE9 /* Leet199.swift */; };
		B5BF483A2A9061550013A370 /* Leet1372.swift in Sources */ = {isa = PBXBuildFile; fileRef = B5BF48392A9061550013A370 /* Leet1372.swift */; };
/* End PBXBuildFile section */

/* Begin PBXCopyFilesBuildPhase section */
		9D4DD4BD2A63825500CA4457 /* CopyFiles */ = {
			isa = PBXCopyFilesBuildPhase;
			buildActionMask = 2147483647;
			dstPath = /usr/share/man/man1/;
			dstSubfolderSpec = 0;
			files = (
			);
			runOnlyForDeploymentPostprocessing = 1;
		};
/* End PBXCopyFilesBuildPhase section */

/* Begin PBXFileReference section */
		9D055ECF2A73F0150050A16D /* Leet283.swift */ = {isa = PBXFileReference; lastKnownFileType = sourcecode.swift; path = Leet283.swift; sourceTree = "<group>"; };
		9D1D25942A701DCB006D1058 /* Leet443.swift */ = {isa = PBXFileReference; lastKnownFileType = sourcecode.swift; path = Leet443.swift; sourceTree = "<group>"; };
		9D466EFA2A6CF2350084D79C /* Leet151.swift */ = {isa = PBXFileReference; lastKnownFileType = sourcecode.swift; path = Leet151.swift; sourceTree = "<group>"; };
		9D466EFC2A6D01170084D79C /* Leet238.swift */ = {isa = PBXFileReference; lastKnownFileType = sourcecode.swift; path = Leet238.swift; sourceTree = "<group>"; };
		9D466EFE2A6D8AB60084D79C /* Leet334.swift */ = {isa = PBXFileReference; lastKnownFileType = sourcecode.swift; path = Leet334.swift; sourceTree = "<group>"; };
		9D4DD4BF2A63825500CA4457 /* DSA */ = {isa = PBXFileReference; explicitFileType = "compiled.mach-o.executable"; includeInIndex = 0; path = DSA; sourceTree = BUILT_PRODUCTS_DIR; };
		9D4DD4C22A63825500CA4457 /* main.swift */ = {isa = PBXFileReference; lastKnownFileType = sourcecode.swift; path = main.swift; sourceTree = "<group>"; };
		9D60CAFD2A78D24C0053FF27 /* Leet643.swift */ = {isa = PBXFileReference; lastKnownFileType = sourcecode.swift; path = Leet643.swift; sourceTree = "<group>"; };
		9D6743462A7581BC00BBD168 /* Leet392.swift */ = {isa = PBXFileReference; lastKnownFileType = sourcecode.swift; path = Leet392.swift; sourceTree = "<group>"; };
		9D6743482A7597BB00BBD168 /* Leet11.swift */ = {isa = PBXFileReference; lastKnownFileType = sourcecode.swift; path = Leet11.swift; sourceTree = "<group>"; };
		9DA13AAC2A7A63D100DFC0DA /* Leet1456.swift */ = {isa = PBXFileReference; lastKnownFileType = sourcecode.swift; path = Leet1456.swift; sourceTree = "<group>"; };
		9DA13AAE2A7AFC3700DFC0DA /* Leet1004.swift */ = {isa = PBXFileReference; lastKnownFileType = sourcecode.swift; path = Leet1004.swift; sourceTree = "<group>"; };
		9DA13AB02A7B164900DFC0DA /* Leet1493.swift */ = {isa = PBXFileReference; lastKnownFileType = sourcecode.swift; path = Leet1493.swift; sourceTree = "<group>"; };
		9DA13AB22A7BAEB300DFC0DA /* Leet1732.swift */ = {isa = PBXFileReference; lastKnownFileType = sourcecode.swift; path = Leet1732.swift; sourceTree = "<group>"; };
		9DA13AB42A7CD14900DFC0DA /* Leet724.swift */ = {isa = PBXFileReference; lastKnownFileType = sourcecode.swift; path = Leet724.swift; sourceTree = "<group>"; };
		9DA13ABC2A7ECED200DFC0DA /* Leet2215.swift */ = {isa = PBXFileReference; lastKnownFileType = sourcecode.swift; path = Leet2215.swift; sourceTree = "<group>"; };
		9DA13ABE2A7F57C400DFC0DA /* Leet1207.swift */ = {isa = PBXFileReference; lastKnownFileType = sourcecode.swift; path = Leet1207.swift; sourceTree = "<group>"; };
		9DE6E5D22A80C20B0013E8F3 /* Leet1657.swift */ = {isa = PBXFileReference; lastKnownFileType = sourcecode.swift; path = Leet1657.swift; sourceTree = "<group>"; };
		9DE6E5D42A80D96F0013E8F3 /* Leet2352.swift */ = {isa = PBXFileReference; lastKnownFileType = sourcecode.swift; path = Leet2352.swift; sourceTree = "<group>"; };
		9DE6E5D72A82204E0013E8F3 /* Leet2390.swift */ = {isa = PBXFileReference; lastKnownFileType = sourcecode.swift; path = Leet2390.swift; sourceTree = "<group>"; };
		9DE6E5DB2A83BDF50013E8F3 /* Leet735.swift */ = {isa = PBXFileReference; lastKnownFileType = sourcecode.swift; path = Leet735.swift; sourceTree = "<group>"; };
		9DE6E5DD2A8525900013E8F3 /* Leet394.swift */ = {isa = PBXFileReference; lastKnownFileType = sourcecode.swift; path = Leet394.swift; sourceTree = "<group>"; };
		9DE6E5E02A85784C0013E8F3 /* Leet933.swift */ = {isa = PBXFileReference; lastKnownFileType = sourcecode.swift; path = Leet933.swift; sourceTree = "<group>"; };
		9DE6E5E22A85FAFD0013E8F3 /* Leet649.swift */ = {isa = PBXFileReference; lastKnownFileType = sourcecode.swift; path = Leet649.swift; sourceTree = "<group>"; };
		9DE6E5E52A8638E20013E8F3 /* Leet2095.swift */ = {isa = PBXFileReference; lastKnownFileType = sourcecode.swift; path = Leet2095.swift; sourceTree = "<group>"; };
		9DE6E5E72A873CFB0013E8F3 /* Leet328.swift */ = {isa = PBXFileReference; lastKnownFileType = sourcecode.swift; path = Leet328.swift; sourceTree = "<group>"; };
		9DE6E5E92A87414B0013E8F3 /* ListNode.swift */ = {isa = PBXFileReference; lastKnownFileType = sourcecode.swift; path = ListNode.swift; sourceTree = "<group>"; };
		9DE6E5EB2A8743F20013E8F3 /* Leet206.swift */ = {isa = PBXFileReference; lastKnownFileType = sourcecode.swift; path = Leet206.swift; sourceTree = "<group>"; };
		9DE6E5EF2A88CAF10013E8F3 /* Leet2130.swift */ = {isa = PBXFileReference; lastKnownFileType = sourcecode.swift; path = Leet2130.swift; sourceTree = "<group>"; };
		9DF6D6C72A777DE100BB0544 /* Leet1679.swift */ = {isa = PBXFileReference; lastKnownFileType = sourcecode.swift; path = Leet1679.swift; sourceTree = "<group>"; };
		9DFCE1CC2A69DD4B007D19FC /* Leet1768.swift */ = {isa = PBXFileReference; lastKnownFileType = sourcecode.swift; path = Leet1768.swift; sourceTree = "<group>"; };
		9DFCE1CE2A69DD61007D19FC /* QuickSort.swift */ = {isa = PBXFileReference; lastKnownFileType = sourcecode.swift; path = QuickSort.swift; sourceTree = "<group>"; };
		9DFCE1D02A6AE05C007D19FC /* Leet1071.swift */ = {isa = PBXFileReference; lastKnownFileType = sourcecode.swift; path = Leet1071.swift; sourceTree = "<group>"; };
		9DFCE1D22A6AE5CF007D19FC /* Leet1421.swift */ = {isa = PBXFileReference; lastKnownFileType = sourcecode.swift; path = Leet1421.swift; sourceTree = "<group>"; };
		9DFCE1D42A6B829D007D19FC /* Leet605.swift */ = {isa = PBXFileReference; lastKnownFileType = sourcecode.swift; path = Leet605.swift; sourceTree = "<group>"; };
		9DFCE1D62A6B9850007D19FC /* Leet345.swift */ = {isa = PBXFileReference; lastKnownFileType = sourcecode.swift; path = Leet345.swift; sourceTree = "<group>"; };
		B583C99B2A91A7D600C19329 /* Leet236.swift */ = {isa = PBXFileReference; lastKnownFileType = sourcecode.swift; path = Leet236.swift; sourceTree = "<group>"; };
		B58D71BF2A8F4C33002A06B9 /* Leet437.swift */ = {isa = PBXFileReference; lastKnownFileType = sourcecode.swift; path = Leet437.swift; sourceTree = "<group>"; };
		B58D71C12A8F4C81002A06B9 /* TreeNode.swift */ = {isa = PBXFileReference; lastKnownFileType = sourcecode.swift; path = TreeNode.swift; sourceTree = "<group>"; };
		B5915C202A9448D000292D16 /* Leet1161.swift */ = {isa = PBXFileReference; lastKnownFileType = sourcecode.swift; path = Leet1161.swift; sourceTree = "<group>"; };
		B5915C232A944CF900292D16 /* Leet700.swift */ = {isa = PBXFileReference; lastKnownFileType = sourcecode.swift; path = Leet700.swift; sourceTree = "<group>"; };
		B5915C252A9450DE00292D16 /* Leet450.swift */ = {isa = PBXFileReference; lastKnownFileType = sourcecode.swift; path = Leet450.swift; sourceTree = "<group>"; };
		B59E646E2A92F1C8004EAEE9 /* Leet199.swift */ = {isa = PBXFileReference; lastKnownFileType = sourcecode.swift; path = Leet199.swift; sourceTree = "<group>"; };
		B5BF48392A9061550013A370 /* Leet1372.swift */ = {isa = PBXFileReference; lastKnownFileType = sourcecode.swift; path = Leet1372.swift; sourceTree = "<group>"; };
/* End PBXFileReference section */

/* Begin PBXFrameworksBuildPhase section */
		9D4DD4BC2A63825500CA4457 /* Frameworks */ = {
			isa = PBXFrameworksBuildPhase;
			buildActionMask = 2147483647;
			files = (
			);
			runOnlyForDeploymentPostprocessing = 0;
		};
/* End PBXFrameworksBuildPhase section */

/* Begin PBXGroup section */
		9D4DD4B62A63825500CA4457 = {
			isa = PBXGroup;
			children = (
				9D4DD4C12A63825500CA4457 /* DSA */,
				9D4DD4C02A63825500CA4457 /* Products */,
			);
			sourceTree = "<group>";
		};
		9D4DD4C02A63825500CA4457 /* Products */ = {
			isa = PBXGroup;
			children = (
				9D4DD4BF2A63825500CA4457 /* DSA */,
			);
			name = Products;
			sourceTree = "<group>";
		};
		9D4DD4C12A63825500CA4457 /* DSA */ = {
			isa = PBXGroup;
			children = (
				B5915C222A944CEA00292D16 /* Binary Search Tree */,
				B59E646D2A92F1B6004EAEE9 /* Binary Tree BFS */,
				B58D71BE2A8F4BF5002A06B9 /* Binary Tree DFS */,
				9DE6E5E42A8638CE0013E8F3 /* Linked List */,
				9DE6E5DF2A8578300013E8F3 /* Queue */,
				9DE6E5D62A82203E0013E8F3 /* Stack */,
				9DA13ABB2A7ECEA300DFC0DA /* HashMap Set */,
				9DA13ABA2A7D8C7800DFC0DA /* Sorting Algorithms */,
				9DA13AB92A7D8C4F00DFC0DA /* Array String */,
				9DA13AB82A7D8C0000DFC0DA /* Two Pointers */,
				9DA13AB72A7D8BE500DFC0DA /* Sliding Window */,
				9DA13AB62A7D8BBF00DFC0DA /* Prefix Sum */,
				9D4DD4C22A63825500CA4457 /* main.swift */,
			);
			path = DSA;
			sourceTree = "<group>";
		};
		9DA13AB62A7D8BBF00DFC0DA /* Prefix Sum */ = {
			isa = PBXGroup;
			children = (
				9DA13AB22A7BAEB300DFC0DA /* Leet1732.swift */,
				9DA13AB42A7CD14900DFC0DA /* Leet724.swift */,
			);
			path = "Prefix Sum";
			sourceTree = "<group>";
		};
		9DA13AB72A7D8BE500DFC0DA /* Sliding Window */ = {
			isa = PBXGroup;
			children = (
				9D60CAFD2A78D24C0053FF27 /* Leet643.swift */,
				9DA13AAC2A7A63D100DFC0DA /* Leet1456.swift */,
				9DA13AAE2A7AFC3700DFC0DA /* Leet1004.swift */,
				9DA13AB02A7B164900DFC0DA /* Leet1493.swift */,
			);
			path = "Sliding Window";
			sourceTree = "<group>";
		};
		9DA13AB82A7D8C0000DFC0DA /* Two Pointers */ = {
			isa = PBXGroup;
			children = (
				9D055ECF2A73F0150050A16D /* Leet283.swift */,
				9D6743462A7581BC00BBD168 /* Leet392.swift */,
				9D6743482A7597BB00BBD168 /* Leet11.swift */,
				9DF6D6C72A777DE100BB0544 /* Leet1679.swift */,
			);
			path = "Two Pointers";
			sourceTree = "<group>";
		};
		9DA13AB92A7D8C4F00DFC0DA /* Array String */ = {
			isa = PBXGroup;
			children = (
				9DFCE1CC2A69DD4B007D19FC /* Leet1768.swift */,
				9DFCE1D02A6AE05C007D19FC /* Leet1071.swift */,
				9DFCE1D22A6AE5CF007D19FC /* Leet1421.swift */,
				9DFCE1D42A6B829D007D19FC /* Leet605.swift */,
				9DFCE1D62A6B9850007D19FC /* Leet345.swift */,
				9D466EFA2A6CF2350084D79C /* Leet151.swift */,
				9D466EFC2A6D01170084D79C /* Leet238.swift */,
				9D466EFE2A6D8AB60084D79C /* Leet334.swift */,
				9D1D25942A701DCB006D1058 /* Leet443.swift */,
			);
			path = "Array String";
			sourceTree = "<group>";
		};
		9DA13ABA2A7D8C7800DFC0DA /* Sorting Algorithms */ = {
			isa = PBXGroup;
			children = (
				9DFCE1CE2A69DD61007D19FC /* QuickSort.swift */,
			);
			path = "Sorting Algorithms";
			sourceTree = "<group>";
		};
		9DA13ABB2A7ECEA300DFC0DA /* HashMap Set */ = {
			isa = PBXGroup;
			children = (
				9DA13ABC2A7ECED200DFC0DA /* Leet2215.swift */,
				9DA13ABE2A7F57C400DFC0DA /* Leet1207.swift */,
				9DE6E5D22A80C20B0013E8F3 /* Leet1657.swift */,
				9DE6E5D42A80D96F0013E8F3 /* Leet2352.swift */,
			);
			path = "HashMap Set";
			sourceTree = "<group>";
		};
		9DE6E5D62A82203E0013E8F3 /* Stack */ = {
			isa = PBXGroup;
			children = (
				9DE6E5D72A82204E0013E8F3 /* Leet2390.swift */,
				9DE6E5DB2A83BDF50013E8F3 /* Leet735.swift */,
				9DE6E5DD2A8525900013E8F3 /* Leet394.swift */,
			);
			path = Stack;
			sourceTree = "<group>";
		};
		9DE6E5DF2A8578300013E8F3 /* Queue */ = {
			isa = PBXGroup;
			children = (
				9DE6E5E02A85784C0013E8F3 /* Leet933.swift */,
				9DE6E5E22A85FAFD0013E8F3 /* Leet649.swift */,
			);
			path = Queue;
			sourceTree = "<group>";
		};
		9DE6E5E42A8638CE0013E8F3 /* Linked List */ = {
			isa = PBXGroup;
			children = (
				9DE6E5E92A87414B0013E8F3 /* ListNode.swift */,
				9DE6E5E52A8638E20013E8F3 /* Leet2095.swift */,
				9DE6E5E72A873CFB0013E8F3 /* Leet328.swift */,
				9DE6E5EB2A8743F20013E8F3 /* Leet206.swift */,
				9DE6E5EF2A88CAF10013E8F3 /* Leet2130.swift */,
			);
			path = "Linked List";
			sourceTree = "<group>";
		};
		B58D71BE2A8F4BF5002A06B9 /* Binary Tree DFS */ = {
			isa = PBXGroup;
			children = (
				B58D71BF2A8F4C33002A06B9 /* Leet437.swift */,
				B58D71C12A8F4C81002A06B9 /* TreeNode.swift */,
				B5BF48392A9061550013A370 /* Leet1372.swift */,
				B583C99B2A91A7D600C19329 /* Leet236.swift */,
			);
			path = "Binary Tree DFS";
			sourceTree = "<group>";
		};
		B5915C222A944CEA00292D16 /* Binary Search Tree */ = {
			isa = PBXGroup;
			children = (
				B5915C232A944CF900292D16 /* Leet700.swift */,
				B5915C252A9450DE00292D16 /* Leet450.swift */,
			);
			path = "Binary Search Tree";
			sourceTree = "<group>";
		};
		B59E646D2A92F1B6004EAEE9 /* Binary Tree BFS */ = {
			isa = PBXGroup;
			children = (
				B59E646E2A92F1C8004EAEE9 /* Leet199.swift */,
				B5915C202A9448D000292D16 /* Leet1161.swift */,
			);
			path = "Binary Tree BFS";
			sourceTree = "<group>";
		};
/* End PBXGroup section */

/* Begin PBXNativeTarget section */
		9D4DD4BE2A63825500CA4457 /* DSA */ = {
			isa = PBXNativeTarget;
			buildConfigurationList = 9D4DD4C62A63825500CA4457 /* Build configuration list for PBXNativeTarget "DSA" */;
			buildPhases = (
				9D4DD4BB2A63825500CA4457 /* Sources */,
				9D4DD4BC2A63825500CA4457 /* Frameworks */,
				9D4DD4BD2A63825500CA4457 /* CopyFiles */,
			);
			buildRules = (
			);
			dependencies = (
			);
			name = DSA;
			productName = DSA;
			productReference = 9D4DD4BF2A63825500CA4457 /* DSA */;
			productType = "com.apple.product-type.tool";
		};
/* End PBXNativeTarget section */

/* Begin PBXProject section */
		9D4DD4B72A63825500CA4457 /* Project object */ = {
			isa = PBXProject;
			attributes = {
				BuildIndependentTargetsInParallel = 1;
				LastSwiftUpdateCheck = 1420;
				LastUpgradeCheck = 1420;
				TargetAttributes = {
					9D4DD4BE2A63825500CA4457 = {
						CreatedOnToolsVersion = 14.2;
					};
				};
			};
			buildConfigurationList = 9D4DD4BA2A63825500CA4457 /* Build configuration list for PBXProject "DSA" */;
			compatibilityVersion = "Xcode 14.0";
			developmentRegion = en;
			hasScannedForEncodings = 0;
			knownRegions = (
				en,
				Base,
			);
			mainGroup = 9D4DD4B62A63825500CA4457;
			productRefGroup = 9D4DD4C02A63825500CA4457 /* Products */;
			projectDirPath = "";
			projectRoot = "";
			targets = (
				9D4DD4BE2A63825500CA4457 /* DSA */,
			);
		};
/* End PBXProject section */

/* Begin PBXSourcesBuildPhase section */
		9D4DD4BB2A63825500CA4457 /* Sources */ = {
			isa = PBXSourcesBuildPhase;
			buildActionMask = 2147483647;
			files = (
				9DE6E5EC2A8743F20013E8F3 /* Leet206.swift in Sources */,
				9DA13AB32A7BAEB300DFC0DA /* Leet1732.swift in Sources */,
				9DFCE1D32A6AE5CF007D19FC /* Leet1421.swift in Sources */,
				9D1D25952A701DCB006D1058 /* Leet443.swift in Sources */,
				9DE6E5D82A82204E0013E8F3 /* Leet2390.swift in Sources */,
				B59E646F2A92F1C8004EAEE9 /* Leet199.swift in Sources */,
				B583C99C2A91A7D600C19329 /* Leet236.swift in Sources */,
				9D466EFB2A6CF2350084D79C /* Leet151.swift in Sources */,
				9D055ED02A73F0150050A16D /* Leet283.swift in Sources */,
				9D466EFF2A6D8AB60084D79C /* Leet334.swift in Sources */,
				B58D71C02A8F4C33002A06B9 /* Leet437.swift in Sources */,
				9DA13ABF2A7F57C400DFC0DA /* Leet1207.swift in Sources */,
				9DA13AAD2A7A63D100DFC0DA /* Leet1456.swift in Sources */,
				B5915C242A944CF900292D16 /* Leet700.swift in Sources */,
				9D6743492A7597BB00BBD168 /* Leet11.swift in Sources */,
				B5BF483A2A9061550013A370 /* Leet1372.swift in Sources */,
				9DE6E5F02A88CAF10013E8F3 /* Leet2130.swift in Sources */,
				9DFCE1D12A6AE05C007D19FC /* Leet1071.swift in Sources */,
				9DE6E5DC2A83BDF60013E8F3 /* Leet735.swift in Sources */,
				B58D71C22A8F4C81002A06B9 /* TreeNode.swift in Sources */,
				B5915C212A9448D000292D16 /* Leet1161.swift in Sources */,
				9DA13AB12A7B164900DFC0DA /* Leet1493.swift in Sources */,
				B5915C262A9450DE00292D16 /* Leet450.swift in Sources */,
				9DE6E5D52A80D96F0013E8F3 /* Leet2352.swift in Sources */,
				9DE6E5E62A8638E20013E8F3 /* Leet2095.swift in Sources */,
				9DE6E5E82A873CFB0013E8F3 /* Leet328.swift in Sources */,
				9DE6E5DE2A8525900013E8F3 /* Leet394.swift in Sources */,
				9DA13AAF2A7AFC3800DFC0DA /* Leet1004.swift in Sources */,
				9DE6E5E12A85784C0013E8F3 /* Leet933.swift in Sources */,
				9D4DD4C32A63825500CA4457 /* main.swift in Sources */,
				9DFCE1D52A6B829D007D19FC /* Leet605.swift in Sources */,
				9DE6E5E32A85FAFD0013E8F3 /* Leet649.swift in Sources */,
				9DE6E5D32A80C20B0013E8F3 /* Leet1657.swift in Sources */,
				9DFCE1CF2A69DD61007D19FC /* QuickSort.swift in Sources */,
				9D6743472A7581BC00BBD168 /* Leet392.swift in Sources */,
				9DFCE1CD2A69DD4B007D19FC /* Leet1768.swift in Sources */,
				9DF6D6C82A777DE100BB0544 /* Leet1679.swift in Sources */,
				9DFCE1D72A6B9850007D19FC /* Leet345.swift in Sources */,
				9DA13AB52A7CD14900DFC0DA /* Leet724.swift in Sources */,
				9DA13ABD2A7ECED200DFC0DA /* Leet2215.swift in Sources */,
				9D466EFD2A6D01170084D79C /* Leet238.swift in Sources */,
				9D60CAFE2A78D24C0053FF27 /* Leet643.swift in Sources */,
				9DE6E5EA2A87414B0013E8F3 /* ListNode.swift in Sources */,
			);
			runOnlyForDeploymentPostprocessing = 0;
		};
/* End PBXSourcesBuildPhase section */

/* Begin XCBuildConfiguration section */
		9D4DD4C42A63825500CA4457 /* Debug */ = {
			isa = XCBuildConfiguration;
			buildSettings = {
				ALWAYS_SEARCH_USER_PATHS = NO;
				CLANG_ANALYZER_NONNULL = YES;
				CLANG_ANALYZER_NUMBER_OBJECT_CONVERSION = YES_AGGRESSIVE;
				CLANG_CXX_LANGUAGE_STANDARD = "gnu++20";
				CLANG_ENABLE_MODULES = YES;
				CLANG_ENABLE_OBJC_ARC = YES;
				CLANG_ENABLE_OBJC_WEAK = YES;
				CLANG_WARN_BLOCK_CAPTURE_AUTORELEASING = YES;
				CLANG_WARN_BOOL_CONVERSION = YES;
				CLANG_WARN_COMMA = YES;
				CLANG_WARN_CONSTANT_CONVERSION = YES;
				CLANG_WARN_DEPRECATED_OBJC_IMPLEMENTATIONS = YES;
				CLANG_WARN_DIRECT_OBJC_ISA_USAGE = YES_ERROR;
				CLANG_WARN_DOCUMENTATION_COMMENTS = YES;
				CLANG_WARN_EMPTY_BODY = YES;
				CLANG_WARN_ENUM_CONVERSION = YES;
				CLANG_WARN_INFINITE_RECURSION = YES;
				CLANG_WARN_INT_CONVERSION = YES;
				CLANG_WARN_NON_LITERAL_NULL_CONVERSION = YES;
				CLANG_WARN_OBJC_IMPLICIT_RETAIN_SELF = YES;
				CLANG_WARN_OBJC_LITERAL_CONVERSION = YES;
				CLANG_WARN_OBJC_ROOT_CLASS = YES_ERROR;
				CLANG_WARN_QUOTED_INCLUDE_IN_FRAMEWORK_HEADER = YES;
				CLANG_WARN_RANGE_LOOP_ANALYSIS = YES;
				CLANG_WARN_STRICT_PROTOTYPES = YES;
				CLANG_WARN_SUSPICIOUS_MOVE = YES;
				CLANG_WARN_UNGUARDED_AVAILABILITY = YES_AGGRESSIVE;
				CLANG_WARN_UNREACHABLE_CODE = YES;
				CLANG_WARN__DUPLICATE_METHOD_MATCH = YES;
				COPY_PHASE_STRIP = NO;
				DEBUG_INFORMATION_FORMAT = dwarf;
				ENABLE_STRICT_OBJC_MSGSEND = YES;
				ENABLE_TESTABILITY = YES;
				GCC_C_LANGUAGE_STANDARD = gnu11;
				GCC_DYNAMIC_NO_PIC = NO;
				GCC_NO_COMMON_BLOCKS = YES;
				GCC_OPTIMIZATION_LEVEL = 0;
				GCC_PREPROCESSOR_DEFINITIONS = (
					"DEBUG=1",
					"$(inherited)",
				);
				GCC_WARN_64_TO_32_BIT_CONVERSION = YES;
				GCC_WARN_ABOUT_RETURN_TYPE = YES_ERROR;
				GCC_WARN_UNDECLARED_SELECTOR = YES;
				GCC_WARN_UNINITIALIZED_AUTOS = YES_AGGRESSIVE;
				GCC_WARN_UNUSED_FUNCTION = YES;
				GCC_WARN_UNUSED_VARIABLE = YES;
				MACOSX_DEPLOYMENT_TARGET = 12.6;
				MTL_ENABLE_DEBUG_INFO = INCLUDE_SOURCE;
				MTL_FAST_MATH = YES;
				ONLY_ACTIVE_ARCH = YES;
				SDKROOT = macosx;
				SWIFT_ACTIVE_COMPILATION_CONDITIONS = DEBUG;
				SWIFT_OPTIMIZATION_LEVEL = "-Onone";
			};
			name = Debug;
		};
		9D4DD4C52A63825500CA4457 /* Release */ = {
			isa = XCBuildConfiguration;
			buildSettings = {
				ALWAYS_SEARCH_USER_PATHS = NO;
				CLANG_ANALYZER_NONNULL = YES;
				CLANG_ANALYZER_NUMBER_OBJECT_CONVERSION = YES_AGGRESSIVE;
				CLANG_CXX_LANGUAGE_STANDARD = "gnu++20";
				CLANG_ENABLE_MODULES = YES;
				CLANG_ENABLE_OBJC_ARC = YES;
				CLANG_ENABLE_OBJC_WEAK = YES;
				CLANG_WARN_BLOCK_CAPTURE_AUTORELEASING = YES;
				CLANG_WARN_BOOL_CONVERSION = YES;
				CLANG_WARN_COMMA = YES;
				CLANG_WARN_CONSTANT_CONVERSION = YES;
				CLANG_WARN_DEPRECATED_OBJC_IMPLEMENTATIONS = YES;
				CLANG_WARN_DIRECT_OBJC_ISA_USAGE = YES_ERROR;
				CLANG_WARN_DOCUMENTATION_COMMENTS = YES;
				CLANG_WARN_EMPTY_BODY = YES;
				CLANG_WARN_ENUM_CONVERSION = YES;
				CLANG_WARN_INFINITE_RECURSION = YES;
				CLANG_WARN_INT_CONVERSION = YES;
				CLANG_WARN_NON_LITERAL_NULL_CONVERSION = YES;
				CLANG_WARN_OBJC_IMPLICIT_RETAIN_SELF = YES;
				CLANG_WARN_OBJC_LITERAL_CONVERSION = YES;
				CLANG_WARN_OBJC_ROOT_CLASS = YES_ERROR;
				CLANG_WARN_QUOTED_INCLUDE_IN_FRAMEWORK_HEADER = YES;
				CLANG_WARN_RANGE_LOOP_ANALYSIS = YES;
				CLANG_WARN_STRICT_PROTOTYPES = YES;
				CLANG_WARN_SUSPICIOUS_MOVE = YES;
				CLANG_WARN_UNGUARDED_AVAILABILITY = YES_AGGRESSIVE;
				CLANG_WARN_UNREACHABLE_CODE = YES;
				CLANG_WARN__DUPLICATE_METHOD_MATCH = YES;
				COPY_PHASE_STRIP = NO;
				DEBUG_INFORMATION_FORMAT = "dwarf-with-dsym";
				ENABLE_NS_ASSERTIONS = NO;
				ENABLE_STRICT_OBJC_MSGSEND = YES;
				GCC_C_LANGUAGE_STANDARD = gnu11;
				GCC_NO_COMMON_BLOCKS = YES;
				GCC_WARN_64_TO_32_BIT_CONVERSION = YES;
				GCC_WARN_ABOUT_RETURN_TYPE = YES_ERROR;
				GCC_WARN_UNDECLARED_SELECTOR = YES;
				GCC_WARN_UNINITIALIZED_AUTOS = YES_AGGRESSIVE;
				GCC_WARN_UNUSED_FUNCTION = YES;
				GCC_WARN_UNUSED_VARIABLE = YES;
				MACOSX_DEPLOYMENT_TARGET = 12.6;
				MTL_ENABLE_DEBUG_INFO = NO;
				MTL_FAST_MATH = YES;
				SDKROOT = macosx;
				SWIFT_COMPILATION_MODE = wholemodule;
				SWIFT_OPTIMIZATION_LEVEL = "-O";
			};
			name = Release;
		};
		9D4DD4C72A63825500CA4457 /* Debug */ = {
			isa = XCBuildConfiguration;
			buildSettings = {
				CODE_SIGN_STYLE = Automatic;
				DEVELOPMENT_TEAM = C8XSCQQDC3;
				ENABLE_HARDENED_RUNTIME = YES;
				PRODUCT_NAME = "$(TARGET_NAME)";
				SWIFT_VERSION = 5.0;
			};
			name = Debug;
		};
		9D4DD4C82A63825500CA4457 /* Release */ = {
			isa = XCBuildConfiguration;
			buildSettings = {
				CODE_SIGN_STYLE = Automatic;
				DEVELOPMENT_TEAM = C8XSCQQDC3;
				ENABLE_HARDENED_RUNTIME = YES;
				PRODUCT_NAME = "$(TARGET_NAME)";
				SWIFT_VERSION = 5.0;
			};
			name = Release;
		};
/* End XCBuildConfiguration section */

/* Begin XCConfigurationList section */
		9D4DD4BA2A63825500CA4457 /* Build configuration list for PBXProject "DSA" */ = {
			isa = XCConfigurationList;
			buildConfigurations = (
				9D4DD4C42A63825500CA4457 /* Debug */,
				9D4DD4C52A63825500CA4457 /* Release */,
			);
			defaultConfigurationIsVisible = 0;
			defaultConfigurationName = Release;
		};
		9D4DD4C62A63825500CA4457 /* Build configuration list for PBXNativeTarget "DSA" */ = {
			isa = XCConfigurationList;
			buildConfigurations = (
				9D4DD4C72A63825500CA4457 /* Debug */,
				9D4DD4C82A63825500CA4457 /* Release */,
			);
			defaultConfigurationIsVisible = 0;
			defaultConfigurationName = Release;
		};
/* End XCConfigurationList section */
	};
	rootObject = 9D4DD4B72A63825500CA4457 /* Project object */;
}
